
Microsoft Visual Studio Solution File, Format Version 12.00
# Visual Studio 15
VisualStudioVersion = 15.0.27004.2006
MinimumVisualStudioVersion = 10.0.40219.1
Project("{9A19103F-16F7-4668-BE54-9A1E7A4F7556}") = "DungeonsAndCodeWizards", "DungeonsAndCodeWizards.csproj", "{C883BF81-78FB-4A93-81EA-2D0CC3373A57}"
EndProject
Global
	GlobalSection(SolutionConfigurationPlatforms) = preSolution
		Debug|Any CPU = Debug|Any CPU
		Release|Any CPU = Release|Any CPU
	EndGlobalSection
	GlobalSection(ProjectConfigurationPlatforms) = postSolution
		{C883BF81-78FB-4A93-81EA-2D0CC3373A57}.Debug|Any CPU.ActiveCfg = Debug|Any CPU
		{C883BF81-78FB-4A93-81EA-2D0CC3373A57}.Debug|Any CPU.Build.0 = Debug|Any CPU
		{C883BF81-78FB-4A93-81EA-2D0CC3373A57}.Release|Any CPU.ActiveCfg = Release|Any CPU
		{C883BF81-78FB-4A93-81EA-2D0CC3373A57}.Release|Any CPU.Build.0 = Release|Any CPU
	EndGlobalSection
	GlobalSection(SolutionProperties) = preSolution
		HideSolutionNode = FALSE
	EndGlobalSection
	GlobalSection(ExtensibilityGlobals) = postSolution
		SolutionGuid = {1EB1BA5E-281D-41C0-A3E1-BF13D9CE0C79}
	EndGlobalSection
EndGlobal
