
Microsoft Visual Studio Solution File, Format Version 12.00
# Visual Studio 15
VisualStudioVersion = 15.0.27004.2006
MinimumVisualStudioVersion = 10.0.40219.1
Project("{9A19103F-16F7-4668-BE54-9A1E7A4F7556}") = "03_WildFarm", "03_WildFarm\03_WildFarm.csproj", "{5639A32F-6DC1-4EC3-9914-8869B05EE7DE}"
EndProject
Project("{9A19103F-16F7-4668-BE54-9A1E7A4F7556}") = "01_Vehicles", "01_Vehicles\01_Vehicles.csproj", "{5C954B76-E4D7-4B4C-AF05-A13026BDF53E}"
EndProject
Project("{9A19103F-16F7-4668-BE54-9A1E7A4F7556}") = "02_VehiclesExtension", "02_VehiclesExtension\02_VehiclesExtension.csproj", "{7F287B74-57C7-4C7A-9C17-5E8BE0263C8B}"
EndProject
Global
	GlobalSection(SolutionConfigurationPlatforms) = preSolution
		Debug|Any CPU = Debug|Any CPU
		Release|Any CPU = Release|Any CPU
	EndGlobalSection
	GlobalSection(ProjectConfigurationPlatforms) = postSolution
		{5639A32F-6DC1-4EC3-9914-8869B05EE7DE}.Debug|Any CPU.ActiveCfg = Debug|Any CPU
		{5639A32F-6DC1-4EC3-9914-8869B05EE7DE}.Debug|Any CPU.Build.0 = Debug|Any CPU
		{5639A32F-6DC1-4EC3-9914-8869B05EE7DE}.Release|Any CPU.ActiveCfg = Release|Any CPU
		{5639A32F-6DC1-4EC3-9914-8869B05EE7DE}.Release|Any CPU.Build.0 = Release|Any CPU
		{5C954B76-E4D7-4B4C-AF05-A13026BDF53E}.Debug|Any CPU.ActiveCfg = Debug|Any CPU
		{5C954B76-E4D7-4B4C-AF05-A13026BDF53E}.Debug|Any CPU.Build.0 = Debug|Any CPU
		{5C954B76-E4D7-4B4C-AF05-A13026BDF53E}.Release|Any CPU.ActiveCfg = Release|Any CPU
		{5C954B76-E4D7-4B4C-AF05-A13026BDF53E}.Release|Any CPU.Build.0 = Release|Any CPU
		{7F287B74-57C7-4C7A-9C17-5E8BE0263C8B}.Debug|Any CPU.ActiveCfg = Debug|Any CPU
		{7F287B74-57C7-4C7A-9C17-5E8BE0263C8B}.Debug|Any CPU.Build.0 = Debug|Any CPU
		{7F287B74-57C7-4C7A-9C17-5E8BE0263C8B}.Release|Any CPU.ActiveCfg = Release|Any CPU
		{7F287B74-57C7-4C7A-9C17-5E8BE0263C8B}.Release|Any CPU.Build.0 = Release|Any CPU
	EndGlobalSection
	GlobalSection(SolutionProperties) = preSolution
		HideSolutionNode = FALSE
	EndGlobalSection
	GlobalSection(ExtensibilityGlobals) = postSolution
		SolutionGuid = {D45B604B-16F7-417B-80C8-9586190E41AD}
	EndGlobalSection
EndGlobal
